
Microsoft Visual Studio Solution File, Format Version 12.00
Project("{FAE04EC0-301F-11D3-BF4B-00C04F79EFBC}") = "SDL3_CS", "SDL3_CS\SDL3_CS.csproj", "{840476C2-F51C-4CFB-BEDE-FE01E63819F8}"
EndProject
Project("{FAE04EC0-301F-11D3-BF4B-00C04F79EFBC}") = "SDL3-CS.SourceGeneration", "SDL3-CS.SourceGeneration\SDL3-CS.SourceGeneration\SDL3-CS.SourceGeneration.csproj", "{ED9EAF70-207C-430D-8929-BCDD1A3A1200}"
EndProject
Global
	GlobalSection(SolutionConfigurationPlatforms) = preSolution
		Debug|Any CPU = Debug|Any CPU
		Release|Any CPU = Release|Any CPU
	EndGlobalSection
	GlobalSection(ProjectConfigurationPlatforms) = postSolution
		{840476C2-F51C-4CFB-BEDE-FE01E63819F8}.Debug|Any CPU.ActiveCfg = Debug|Any CPU
		{840476C2-F51C-4CFB-BEDE-FE01E63819F8}.Debug|Any CPU.Build.0 = Debug|Any CPU
		{840476C2-F51C-4CFB-BEDE-FE01E63819F8}.Release|Any CPU.ActiveCfg = Release|Any CPU
		{840476C2-F51C-4CFB-BEDE-FE01E63819F8}.Release|Any CPU.Build.0 = Release|Any CPU
		{ED9EAF70-207C-430D-8929-BCDD1A3A1200}.Debug|Any CPU.ActiveCfg = Debug|Any CPU
		{ED9EAF70-207C-430D-8929-BCDD1A3A1200}.Debug|Any CPU.Build.0 = Debug|Any CPU
		{ED9EAF70-207C-430D-8929-BCDD1A3A1200}.Release|Any CPU.ActiveCfg = Release|Any CPU
		{ED9EAF70-207C-430D-8929-BCDD1A3A1200}.Release|Any CPU.Build.0 = Release|Any CPU
	EndGlobalSection
EndGlobal
